
Microsoft Visual Studio Solution File, Format Version 12.00
Project("{FAE04EC0-301F-11D3-BF4B-00C04F79EFBC}") = "Final-Project-Pacman", "Final-Project-Pacman\Final-Project-Pacman.csproj", "{B0AB1436-0085-4ED0-A11E-F501494DC8A0}"
EndProject
Global
	GlobalSection(SolutionConfigurationPlatforms) = preSolution
		Debug|Any CPU = Debug|Any CPU
		Release|Any CPU = Release|Any CPU
	EndGlobalSection
	GlobalSection(ProjectConfigurationPlatforms) = postSolution
		{B0AB1436-0085-4ED0-A11E-F501494DC8A0}.Debug|Any CPU.ActiveCfg = Debug|Any CPU
		{B0AB1436-0085-4ED0-A11E-F501494DC8A0}.Debug|Any CPU.Build.0 = Debug|Any CPU
		{B0AB1436-0085-4ED0-A11E-F501494DC8A0}.Release|Any CPU.ActiveCfg = Release|Any CPU
		{B0AB1436-0085-4ED0-A11E-F501494DC8A0}.Release|Any CPU.Build.0 = Release|Any CPU
	EndGlobalSection
EndGlobal
